
Microsoft Visual Studio Solution File, Format Version 12.00
# Visual Studio 14
VisualStudioVersion = 14.0.25420.1
MinimumVisualStudioVersion = 10.0.40219.1
Project("{2150E333-8FDC-42A3-9474-1A3956D46DE8}") = "src", "src", "{88C88297-7ED6-477F-9532-A35B500BBA15}"
EndProject
Project("{8BB2217D-0F2D-49D1-97BC-3654ED321F3B}") = "Booma.GameServerList.Lib", "src\Booma.GameServerList.Lib\Booma.GameServerList.Lib.xproj", "{7973EA38-B9EC-4EEB-AB2A-60F3F2385160}"
EndProject
Project("{8BB2217D-0F2D-49D1-97BC-3654ED321F3B}") = "Booma.GameServerList.Module", "src\Booma.GameServerList.Module\Booma.GameServerList.Module.xproj", "{F0D5D2FD-796C-4367-983F-69666DF7EAC4}"
EndProject
Global
	GlobalSection(SolutionConfigurationPlatforms) = preSolution
		Debug|Any CPU = Debug|Any CPU
		Release|Any CPU = Release|Any CPU
	EndGlobalSection
	GlobalSection(ProjectConfigurationPlatforms) = postSolution
		{7973EA38-B9EC-4EEB-AB2A-60F3F2385160}.Debug|Any CPU.ActiveCfg = Debug|Any CPU
		{7973EA38-B9EC-4EEB-AB2A-60F3F2385160}.Debug|Any CPU.Build.0 = Debug|Any CPU
		{7973EA38-B9EC-4EEB-AB2A-60F3F2385160}.Release|Any CPU.ActiveCfg = Release|Any CPU
		{7973EA38-B9EC-4EEB-AB2A-60F3F2385160}.Release|Any CPU.Build.0 = Release|Any CPU
		{F0D5D2FD-796C-4367-983F-69666DF7EAC4}.Debug|Any CPU.ActiveCfg = Debug|Any CPU
		{F0D5D2FD-796C-4367-983F-69666DF7EAC4}.Debug|Any CPU.Build.0 = Debug|Any CPU
		{F0D5D2FD-796C-4367-983F-69666DF7EAC4}.Release|Any CPU.ActiveCfg = Release|Any CPU
		{F0D5D2FD-796C-4367-983F-69666DF7EAC4}.Release|Any CPU.Build.0 = Release|Any CPU
	EndGlobalSection
	GlobalSection(SolutionProperties) = preSolution
		HideSolutionNode = FALSE
	EndGlobalSection
	GlobalSection(NestedProjects) = preSolution
		{7973EA38-B9EC-4EEB-AB2A-60F3F2385160} = {88C88297-7ED6-477F-9532-A35B500BBA15}
		{F0D5D2FD-796C-4367-983F-69666DF7EAC4} = {88C88297-7ED6-477F-9532-A35B500BBA15}
	EndGlobalSection
EndGlobal
